
Microsoft Visual Studio Solution File, Format Version 12.00
# Visual Studio Version 16
VisualStudioVersion = 16.0.30517.126
MinimumVisualStudioVersion = 10.0.40219.1
Project("{FAE04EC0-301F-11D3-BF4B-00C04F79EFBC}") = "ChuckConsole", "ChuckConsole.csproj", "{23AAF513-D73C-494A-8745-AEA068DB952C}"
EndProject
Project("{FAE04EC0-301F-11D3-BF4B-00C04F79EFBC}") = "ChuckForm", "ChuckForm\ChuckForm.csproj", "{34A15C1C-9CBB-4078-AB19-C2AD32C11D47}"
EndProject
Global
	GlobalSection(SolutionConfigurationPlatforms) = preSolution
		Debug|Any CPU = Debug|Any CPU
		Release|Any CPU = Release|Any CPU
	EndGlobalSection
	GlobalSection(ProjectConfigurationPlatforms) = postSolution
		{23AAF513-D73C-494A-8745-AEA068DB952C}.Debug|Any CPU.ActiveCfg = Debug|Any CPU
		{23AAF513-D73C-494A-8745-AEA068DB952C}.Debug|Any CPU.Build.0 = Debug|Any CPU
		{23AAF513-D73C-494A-8745-AEA068DB952C}.Release|Any CPU.ActiveCfg = Release|Any CPU
		{23AAF513-D73C-494A-8745-AEA068DB952C}.Release|Any CPU.Build.0 = Release|Any CPU
		{34A15C1C-9CBB-4078-AB19-C2AD32C11D47}.Debug|Any CPU.ActiveCfg = Debug|Any CPU
		{34A15C1C-9CBB-4078-AB19-C2AD32C11D47}.Debug|Any CPU.Build.0 = Debug|Any CPU
		{34A15C1C-9CBB-4078-AB19-C2AD32C11D47}.Release|Any CPU.ActiveCfg = Release|Any CPU
		{34A15C1C-9CBB-4078-AB19-C2AD32C11D47}.Release|Any CPU.Build.0 = Release|Any CPU
	EndGlobalSection
	GlobalSection(SolutionProperties) = preSolution
		HideSolutionNode = FALSE
	EndGlobalSection
	GlobalSection(ExtensibilityGlobals) = postSolution
		SolutionGuid = {45C58790-B6BC-4CDE-9592-3774FE411B3E}
	EndGlobalSection
EndGlobal
